{
  "version": 4,
  "terraform_version": "0.12.24",
  "serial": 317,
  "lineage": "e3c6894d-0185-6796-ac81-c5c1b4c59306",
  "outputs": {
    "elb_dns_name": {
      "value": "grafana-asg-elb-203662973.eu-north-1.elb.amazonaws.com",
      "type": "string"
    }
  },
  "resources": [
    {
      "mode": "data",
      "type": "aws_availability_zones",
      "name": "all",
      "provider": "provider.aws",
      "instances": [
        {
          "schema_version": 0,
          "attributes": {
            "all_availability_zones": null,
            "blacklisted_names": null,
            "blacklisted_zone_ids": null,
            "filter": null,
            "group_names": [
              "eu-north-1"
            ],
            "id": "2020-04-14 21:25:49.251823997 +0000 UTC",
            "names": [
              "eu-north-1a",
              "eu-north-1b",
              "eu-north-1c"
            ],
            "state": null,
            "zone_ids": [
              "eun1-az1",
              "eun1-az2",
              "eun1-az3"
            ]
          }
        }
      ]
    },
    {
      "mode": "data",
      "type": "template_file",
      "name": "user_data",
      "provider": "provider.template",
      "instances": [
        {
          "schema_version": 0,
          "attributes": {
            "filename": null,
            "id": "bc35d0d8a0b21f8ca0776328acff527f4c21ff45b57633befd13a427e91f6596",
            "rendered": "#!/bin/bash\n\nsudo mkdir /influxdbdownload\nsudo mkdir /influxdb \n\nsudo yum update -y \nsudo yum install -y vim curl\n\nsudo wget https://dl.influxdata.com/influxdb/releases/influxdb-1.7.10.x86_64.rpm -P /influxdbdownload\nsudo yum localinstall /influxdbdownload/influxdb-1.7.10.x86_64.rpm -y\n\nsudo systemctl start influxdb \u0026\u0026 sudo systemctl enable influxdb\n\nsudo rm -rf /influxdbdownload\n\nwhile ! [ -e /dev/xvdb ]\n  do sleep 1 ;echo \"waiting for EBS drive to appear\"\ndone\n\nsudo echo \"/dev/xvdb   /influxdb/data   ext4   defaults  0  2\" \u003e\u003e /etc/fstab\n\nsudo mkfs.ext4 /dev/xvdb\nsudo mkdir /influxdb/data\nsudo mount -a\n\nsed -i 's|\"/var/lib/influxdb/data\"|\"/influxdb/data\"|' /etc/influxdb/influxdb.conf\n\nsudo chown -R influxdb:influxdb /influxdb/data\n\nsudo service influxdb restart \n\nsudo cat \u003c\u003cEOF \u003e /etc/yum.repos.d/grafana.repo\n[grafana]\nname=grafana\nbaseurl=https://packages.grafana.com/oss/rpm\nrepo_gpgcheck=1\nenabled=1\ngpgcheck=1\ngpgkey=https://packages.grafana.com/gpg.key\nsslverify=1\nsslcacert=/etc/pki/tls/certs/ca-bundle.crt\nEOF\n\nsudo yum install grafana -y \nsudo systemctl daemon-reload\nsudo systemctl start grafana-server \u0026\u0026 sudo systemctl enable grafana-server\n\n",
            "template": "#!/bin/bash\n\nsudo mkdir /influxdbdownload\nsudo mkdir /influxdb \n\nsudo yum update -y \nsudo yum install -y vim curl\n\nsudo wget https://dl.influxdata.com/influxdb/releases/influxdb-1.7.10.x86_64.rpm -P /influxdbdownload\nsudo yum localinstall /influxdbdownload/influxdb-1.7.10.x86_64.rpm -y\n\nsudo systemctl start influxdb \u0026\u0026 sudo systemctl enable influxdb\n\nsudo rm -rf /influxdbdownload\n\nwhile ! [ -e ${device_name} ]\n  do sleep 1 ;echo \"waiting for EBS drive to appear\"\ndone\n\nsudo echo \"${device_name}   /influxdb/data   ext4   defaults  0  2\" \u003e\u003e /etc/fstab\n\nsudo mkfs.ext4 ${device_name}\nsudo mkdir /influxdb/data\nsudo mount -a\n\nsed -i 's|\"/var/lib/influxdb/data\"|\"/influxdb/data\"|' /etc/influxdb/influxdb.conf\n\nsudo chown -R influxdb:influxdb /influxdb/data\n\nsudo service influxdb restart \n\nsudo cat \u003c\u003cEOF \u003e /etc/yum.repos.d/grafana.repo\n[grafana]\nname=grafana\nbaseurl=https://packages.grafana.com/oss/rpm\nrepo_gpgcheck=1\nenabled=1\ngpgcheck=1\ngpgkey=https://packages.grafana.com/gpg.key\nsslverify=1\nsslcacert=/etc/pki/tls/certs/ca-bundle.crt\nEOF\n\nsudo yum install grafana -y \nsudo systemctl daemon-reload\nsudo systemctl start grafana-server \u0026\u0026 sudo systemctl enable grafana-server\n\n",
            "vars": {
              "device_name": "/dev/xvdb"
            }
          }
        }
      ]
    },
    {
      "mode": "managed",
      "type": "aws_autoscaling_group",
      "name": "asg-grafana",
      "provider": "provider.aws",
      "instances": [
        {
          "schema_version": 0,
          "attributes": {
            "arn": "arn:aws:autoscaling:eu-north-1:651868950963:autoScalingGroup:2b7e5dd8-248c-44ae-bb2b-40f242a08023:autoScalingGroupName/tf-asg-20200414212608210800000002",
            "availability_zones": [
              "eu-north-1a",
              "eu-north-1b",
              "eu-north-1c"
            ],
            "default_cooldown": 300,
            "desired_capacity": 1,
            "enabled_metrics": null,
            "force_delete": false,
            "health_check_grace_period": 300,
            "health_check_type": "ELB",
            "id": "tf-asg-20200414212608210800000002",
            "initial_lifecycle_hook": [],
            "launch_configuration": "terraform-20200414212603599100000001",
            "launch_template": [],
            "load_balancers": [
              "grafana-asg-elb"
            ],
            "max_instance_lifetime": 0,
            "max_size": 1,
            "metrics_granularity": "1Minute",
            "min_elb_capacity": null,
            "min_size": 1,
            "mixed_instances_policy": [],
            "name": "tf-asg-20200414212608210800000002",
            "name_prefix": null,
            "placement_group": "",
            "protect_from_scale_in": false,
            "service_linked_role_arn": "arn:aws:iam::651868950963:role/aws-service-role/autoscaling.amazonaws.com/AWSServiceRoleForAutoScaling",
            "suspended_processes": null,
            "tag": [],
            "tags": null,
            "target_group_arns": [],
            "termination_policies": null,
            "timeouts": null,
            "vpc_zone_identifier": [],
            "wait_for_capacity_timeout": "10m",
            "wait_for_elb_capacity": null
          },
          "private": "eyJlMmJmYjczMC1lY2FhLTExZTYtOGY4OC0zNDM2M2JjN2M0YzAiOnsiZGVsZXRlIjo2MDAwMDAwMDAwMDB9fQ==",
          "dependencies": [
            "aws_elb.grafana-elb",
            "aws_launch_configuration.asg-grafana-influxdb",
            "aws_security_group.elb-sg",
            "aws_security_group.instance"
          ]
        }
      ]
    },
    {
      "mode": "managed",
      "type": "aws_elb",
      "name": "grafana-elb",
      "provider": "provider.aws",
      "instances": [
        {
          "schema_version": 0,
          "attributes": {
            "access_logs": [],
            "arn": "arn:aws:elasticloadbalancing:eu-north-1:651868950963:loadbalancer/grafana-asg-elb",
            "availability_zones": [
              "eu-north-1a",
              "eu-north-1b",
              "eu-north-1c"
            ],
            "connection_draining": false,
            "connection_draining_timeout": 300,
            "cross_zone_load_balancing": true,
            "dns_name": "grafana-asg-elb-203662973.eu-north-1.elb.amazonaws.com",
            "health_check": [
              {
                "healthy_threshold": 2,
                "interval": 150,
                "target": "TCP:3000",
                "timeout": 10,
                "unhealthy_threshold": 2
              }
            ],
            "id": "grafana-asg-elb",
            "idle_timeout": 60,
            "instances": [],
            "internal": false,
            "listener": [
              {
                "instance_port": 3000,
                "instance_protocol": "http",
                "lb_port": 3000,
                "lb_protocol": "http",
                "ssl_certificate_id": ""
              }
            ],
            "name": "grafana-asg-elb",
            "name_prefix": null,
            "security_groups": [
              "sg-0a3a573d9a6c99d01"
            ],
            "source_security_group": "651868950963/grafana-elb-sg",
            "source_security_group_id": "sg-0a3a573d9a6c99d01",
            "subnets": [
              "subnet-10bf466b",
              "subnet-20d7cf6a",
              "subnet-d94f90b0"
            ],
            "tags": null,
            "zone_id": "Z23TAZ6LKFMNIO"
          },
          "private": "bnVsbA==",
          "dependencies": [
            "aws_security_group.elb-sg"
          ]
        }
      ]
    },
    {
      "mode": "managed",
      "type": "aws_launch_configuration",
      "name": "asg-grafana-influxdb",
      "provider": "provider.aws",
      "instances": [
        {
          "schema_version": 0,
          "attributes": {
            "arn": "arn:aws:autoscaling:eu-north-1:651868950963:launchConfiguration:92f51435-15b8-46a8-bd99-178d597b349b:launchConfigurationName/terraform-20200414212603599100000001",
            "associate_public_ip_address": false,
            "ebs_block_device": [
              {
                "delete_on_termination": false,
                "device_name": "/dev/xvdb",
                "encrypted": false,
                "iops": 0,
                "no_device": false,
                "snapshot_id": "",
                "volume_size": 12,
                "volume_type": ""
              }
            ],
            "ebs_optimized": false,
            "enable_monitoring": true,
            "ephemeral_block_device": [],
            "iam_instance_profile": "",
            "id": "terraform-20200414212603599100000001",
            "image_id": "ami-0b7a46b4bd694e8a6",
            "instance_type": "t3.micro",
            "key_name": "",
            "name": "terraform-20200414212603599100000001",
            "name_prefix": null,
            "placement_tenancy": null,
            "root_block_device": [
              {
                "delete_on_termination": true,
                "encrypted": false,
                "iops": 0,
                "volume_size": 10,
                "volume_type": ""
              }
            ],
            "security_groups": [
              "sg-03c9e751a48d538b4"
            ],
            "spot_price": "",
            "user_data": "6d1ffa102a164129c3f2ee6bc2cc960a93faeeac",
            "user_data_base64": null,
            "vpc_classic_link_id": "",
            "vpc_classic_link_security_groups": null
          },
          "private": "bnVsbA==",
          "dependencies": [
            "aws_security_group.instance"
          ]
        }
      ]
    },
    {
      "mode": "managed",
      "type": "aws_security_group",
      "name": "elb-sg",
      "provider": "provider.aws",
      "instances": [
        {
          "schema_version": 1,
          "attributes": {
            "arn": "arn:aws:ec2:eu-north-1:651868950963:security-group/sg-0a3a573d9a6c99d01",
            "description": "Managed by Terraform",
            "egress": [
              {
                "cidr_blocks": [
                  "0.0.0.0/0"
                ],
                "description": "",
                "from_port": 0,
                "ipv6_cidr_blocks": [],
                "prefix_list_ids": [],
                "protocol": "-1",
                "security_groups": [],
                "self": false,
                "to_port": 0
              }
            ],
            "id": "sg-0a3a573d9a6c99d01",
            "ingress": [
              {
                "cidr_blocks": [
                  "0.0.0.0/0"
                ],
                "description": "",
                "from_port": 80,
                "ipv6_cidr_blocks": [],
                "prefix_list_ids": [],
                "protocol": "tcp",
                "security_groups": [],
                "self": false,
                "to_port": 80
              }
            ],
            "name": "grafana-elb-sg",
            "name_prefix": null,
            "owner_id": "651868950963",
            "revoke_rules_on_delete": false,
            "tags": null,
            "timeouts": null,
            "vpc_id": "vpc-0e865f67"
          },
          "private": "eyJlMmJmYjczMC1lY2FhLTExZTYtOGY4OC0zNDM2M2JjN2M0YzAiOnsiY3JlYXRlIjo2MDAwMDAwMDAwMDAsImRlbGV0ZSI6NjAwMDAwMDAwMDAwfSwic2NoZW1hX3ZlcnNpb24iOiIxIn0="
        }
      ]
    },
    {
      "mode": "managed",
      "type": "aws_security_group",
      "name": "instance",
      "provider": "provider.aws",
      "instances": [
        {
          "schema_version": 1,
          "attributes": {
            "arn": "arn:aws:ec2:eu-north-1:651868950963:security-group/sg-03c9e751a48d538b4",
            "description": "Security group for grafana and influx instance",
            "egress": [
              {
                "cidr_blocks": [
                  "0.0.0.0/0"
                ],
                "description": "",
                "from_port": 0,
                "ipv6_cidr_blocks": [],
                "prefix_list_ids": [],
                "protocol": "-1",
                "security_groups": [],
                "self": false,
                "to_port": 0
              }
            ],
            "id": "sg-03c9e751a48d538b4",
            "ingress": [
              {
                "cidr_blocks": [
                  "0.0.0.0/0"
                ],
                "description": "",
                "from_port": 22,
                "ipv6_cidr_blocks": [],
                "prefix_list_ids": [],
                "protocol": "tcp",
                "security_groups": [],
                "self": false,
                "to_port": 22
              }
            ],
            "name": "grafana_security_group",
            "name_prefix": null,
            "owner_id": "651868950963",
            "revoke_rules_on_delete": false,
            "tags": null,
            "timeouts": null,
            "vpc_id": "vpc-0e865f67"
          },
          "private": "eyJlMmJmYjczMC1lY2FhLTExZTYtOGY4OC0zNDM2M2JjN2M0YzAiOnsiY3JlYXRlIjo2MDAwMDAwMDAwMDAsImRlbGV0ZSI6NjAwMDAwMDAwMDAwfSwic2NoZW1hX3ZlcnNpb24iOiIxIn0="
        }
      ]
    },
    {
      "mode": "managed",
      "type": "aws_security_group_rule",
      "name": "grafana",
      "provider": "provider.aws",
      "instances": [
        {
          "schema_version": 2,
          "attributes": {
            "cidr_blocks": [
              "0.0.0.0/0"
            ],
            "description": null,
            "from_port": 3000,
            "id": "sgrule-1039590747",
            "ipv6_cidr_blocks": null,
            "prefix_list_ids": null,
            "protocol": "tcp",
            "security_group_id": "sg-03c9e751a48d538b4",
            "self": false,
            "source_security_group_id": null,
            "to_port": 3000,
            "type": "ingress"
          },
          "private": "eyJzY2hlbWFfdmVyc2lvbiI6IjIifQ==",
          "dependencies": [
            "aws_security_group.instance"
          ]
        }
      ]
    },
    {
      "mode": "managed",
      "type": "aws_security_group_rule",
      "name": "influxdb",
      "provider": "provider.aws",
      "instances": [
        {
          "schema_version": 2,
          "attributes": {
            "cidr_blocks": [
              "0.0.0.0/0"
            ],
            "description": null,
            "from_port": 8086,
            "id": "sgrule-1405758854",
            "ipv6_cidr_blocks": null,
            "prefix_list_ids": null,
            "protocol": "tcp",
            "security_group_id": "sg-03c9e751a48d538b4",
            "self": false,
            "source_security_group_id": null,
            "to_port": 8086,
            "type": "ingress"
          },
          "private": "eyJzY2hlbWFfdmVyc2lvbiI6IjIifQ==",
          "dependencies": [
            "aws_security_group.instance"
          ]
        }
      ]
    }
  ]
}
